
Microsoft Visual Studio Solution File, Format Version 12.00
# Visual Studio Version 16
VisualStudioVersion = 16.0.30413.136
MinimumVisualStudioVersion = 10.0.40219.1
Project("{9A19103F-16F7-4668-BE54-9A1E7A4F7556}") = "BTC_Candle", "cuckoo-csharp\BTC_Candle.csproj", "{2AEEEEF4-C153-40FC-AE93-69333198BB6D}"
EndProject
Project("{9A19103F-16F7-4668-BE54-9A1E7A4F7556}") = "ExchangeSharp", "..\ExchangeSharp\ExchangeSharp\ExchangeSharp.csproj", "{7B3A4B45-5721-4E67-A4A0-55136E90DF99}"
EndProject
Project("{9A19103F-16F7-4668-BE54-9A1E7A4F7556}") = "StrategyHelper", "..\StrategyHelper\StrategyHelper.csproj", "{48337028-E796-41F5-BCD6-C12A9BB32343}"
EndProject
Global
	GlobalSection(SolutionConfigurationPlatforms) = preSolution
		Debug|Any CPU = Debug|Any CPU
		Release|Any CPU = Release|Any CPU
	EndGlobalSection
	GlobalSection(ProjectConfigurationPlatforms) = postSolution
		{2AEEEEF4-C153-40FC-AE93-69333198BB6D}.Debug|Any CPU.ActiveCfg = Debug|Any CPU
		{2AEEEEF4-C153-40FC-AE93-69333198BB6D}.Debug|Any CPU.Build.0 = Debug|Any CPU
		{2AEEEEF4-C153-40FC-AE93-69333198BB6D}.Release|Any CPU.ActiveCfg = Release|Any CPU
		{2AEEEEF4-C153-40FC-AE93-69333198BB6D}.Release|Any CPU.Build.0 = Release|Any CPU
		{7B3A4B45-5721-4E67-A4A0-55136E90DF99}.Debug|Any CPU.ActiveCfg = Debug|Any CPU
		{7B3A4B45-5721-4E67-A4A0-55136E90DF99}.Debug|Any CPU.Build.0 = Debug|Any CPU
		{7B3A4B45-5721-4E67-A4A0-55136E90DF99}.Release|Any CPU.ActiveCfg = Release|Any CPU
		{7B3A4B45-5721-4E67-A4A0-55136E90DF99}.Release|Any CPU.Build.0 = Release|Any CPU
		{48337028-E796-41F5-BCD6-C12A9BB32343}.Debug|Any CPU.ActiveCfg = Debug|Any CPU
		{48337028-E796-41F5-BCD6-C12A9BB32343}.Debug|Any CPU.Build.0 = Debug|Any CPU
		{48337028-E796-41F5-BCD6-C12A9BB32343}.Release|Any CPU.ActiveCfg = Release|Any CPU
		{48337028-E796-41F5-BCD6-C12A9BB32343}.Release|Any CPU.Build.0 = Release|Any CPU
	EndGlobalSection
	GlobalSection(SolutionProperties) = preSolution
		HideSolutionNode = FALSE
	EndGlobalSection
	GlobalSection(ExtensibilityGlobals) = postSolution
		SolutionGuid = {1660B684-398D-4402-92EF-BC9305D9A8B0}
	EndGlobalSection
EndGlobal
